// !$*UTF8*$!
{
	archiveVersion = 1;
	classes = {
	};
	objectVersion = 56;
	objects = {

/* Begin PBXBuildFile section */
		2C0645B32C57F00B00804B04 /* ScriptPracticeView.swift in Sources */ = {isa = PBXBuildFile; fileRef = 2C0645B22C57F00B00804B04 /* ScriptPracticeView.swift */; };
		2C0645B52C58BB7000804B04 /* Date + Extension.swift in Sources */ = {isa = PBXBuildFile; fileRef = 2C0645B42C58BB7000804B04 /* Date + Extension.swift */; };
		2C0645B72C58BBFE00804B04 /* SpeechSpeedSelectionView.swift in Sources */ = {isa = PBXBuildFile; fileRef = 2C0645B62C58BBFE00804B04 /* SpeechSpeedSelectionView.swift */; };
		2C0645B92C58BC2000804B04 /* StructureSectionView.swift in Sources */ = {isa = PBXBuildFile; fileRef = 2C0645B82C58BC2000804B04 /* StructureSectionView.swift */; };
		2C0645BB2C58BC4F00804B04 /* StructureSection.swift in Sources */ = {isa = PBXBuildFile; fileRef = 2C0645BA2C58BC4F00804B04 /* StructureSection.swift */; };
		2C0645BD2C58BC7E00804B04 /* PromptGuageView.swift in Sources */ = {isa = PBXBuildFile; fileRef = 2C0645BC2C58BC7E00804B04 /* PromptGuageView.swift */; };
		2C29AC062C577DEA005E914A /* WritingCompleteView.swift in Sources */ = {isa = PBXBuildFile; fileRef = 2C29AC052C577DEA005E914A /* WritingCompleteView.swift */; };
		4007DC732C53949D00EA528E /* YouTalkAwesomeApp.swift in Sources */ = {isa = PBXBuildFile; fileRef = 4007DC722C53949D00EA528E /* YouTalkAwesomeApp.swift */; };
		4007DC752C53949D00EA528E /* ContentView.swift in Sources */ = {isa = PBXBuildFile; fileRef = 4007DC742C53949D00EA528E /* ContentView.swift */; };
		4007DC772C53949D00EA528E /* Typealias.swift in Sources */ = {isa = PBXBuildFile; fileRef = 4007DC762C53949D00EA528E /* Typealias.swift */; };
		4007DC792C53949E00EA528E /* Assets.xcassets in Resources */ = {isa = PBXBuildFile; fileRef = 4007DC782C53949E00EA528E /* Assets.xcassets */; };
		4007DC7C2C53949E00EA528E /* Preview Assets.xcassets in Resources */ = {isa = PBXBuildFile; fileRef = 4007DC7B2C53949E00EA528E /* Preview Assets.xcassets */; };
		4007DC862C5396E600EA528E /* DataModel.swift in Sources */ = {isa = PBXBuildFile; fileRef = 4007DC852C5396E600EA528E /* DataModel.swift */; };
		4007DC892C53C9C600EA528E /* SwiftDataTestView.swift in Sources */ = {isa = PBXBuildFile; fileRef = 4007DC882C53C9C600EA528E /* SwiftDataTestView.swift */; };
		40E96AF72C5632CB0099E603 /* TypeDefinition.swift in Sources */ = {isa = PBXBuildFile; fileRef = 40E96AF62C5632CB0099E603 /* TypeDefinition.swift */; };
		40E96B1C2C5778D20099E603 /* LSCardView.swift in Sources */ = {isa = PBXBuildFile; fileRef = 40E96B1B2C5778D20099E603 /* LSCardView.swift */; };
		40E96B1F2C57B2360099E603 /* InstructionTextView.swift in Sources */ = {isa = PBXBuildFile; fileRef = 40E96B1E2C57B2360099E603 /* InstructionTextView.swift */; };
		40E96B212C57BC9F0099E603 /* ExampleTitleView.swift in Sources */ = {isa = PBXBuildFile; fileRef = 40E96B202C57BC9F0099E603 /* ExampleTitleView.swift */; };
		40E96B242C57BF870099E603 /* LSStickerView.swift in Sources */ = {isa = PBXBuildFile; fileRef = 40E96B232C57BF870099E603 /* LSStickerView.swift */; };
		40E96B262C57C2370099E603 /* ExampleCardView.swift in Sources */ = {isa = PBXBuildFile; fileRef = 40E96B252C57C2370099E603 /* ExampleCardView.swift */; };
		40E96B282C57C6E80099E603 /* LSWideCardView.swift in Sources */ = {isa = PBXBuildFile; fileRef = 40E96B272C57C6E80099E603 /* LSWideCardView.swift */; };
		EEEBF0BB2C58B65900B26DBF /* Extensions.swift in Sources */ = {isa = PBXBuildFile; fileRef = EEEBF0BA2C58B65900B26DBF /* Extensions.swift */; };
		EEEBF0BD2C58BCA500B26DBF /* StructureFlowView.swift in Sources */ = {isa = PBXBuildFile; fileRef = EEEBF0BC2C58BCA500B26DBF /* StructureFlowView.swift */; };
		EEEBF0BF2C58BDCE00B26DBF /* StructureQuizView.swift in Sources */ = {isa = PBXBuildFile; fileRef = EEEBF0BE2C58BDCE00B26DBF /* StructureQuizView.swift */; };
		EEF2258D2C5758FA002EF8D1 /* SpeakingStructureView.swift in Sources */ = {isa = PBXBuildFile; fileRef = EEF2258C2C5758FA002EF8D1 /* SpeakingStructureView.swift */; };
		EEF2258F2C575924002EF8D1 /* ScriptWritingView.swift in Sources */ = {isa = PBXBuildFile; fileRef = EEF2258E2C575924002EF8D1 /* ScriptWritingView.swift */; };
		EEF225912C575940002EF8D1 /* ArchiveView.swift in Sources */ = {isa = PBXBuildFile; fileRef = EEF225902C575940002EF8D1 /* ArchiveView.swift */; };
/* End PBXBuildFile section */

/* Begin PBXFileReference section */
		2C0645B22C57F00B00804B04 /* ScriptPracticeView.swift */ = {isa = PBXFileReference; lastKnownFileType = sourcecode.swift; path = ScriptPracticeView.swift; sourceTree = "<group>"; };
		2C0645B42C58BB7000804B04 /* Date + Extension.swift */ = {isa = PBXFileReference; lastKnownFileType = sourcecode.swift; path = "Date + Extension.swift"; sourceTree = "<group>"; };
		2C0645B62C58BBFE00804B04 /* SpeechSpeedSelectionView.swift */ = {isa = PBXFileReference; lastKnownFileType = sourcecode.swift; path = SpeechSpeedSelectionView.swift; sourceTree = "<group>"; };
		2C0645B82C58BC2000804B04 /* StructureSectionView.swift */ = {isa = PBXFileReference; lastKnownFileType = sourcecode.swift; path = StructureSectionView.swift; sourceTree = "<group>"; };
		2C0645BA2C58BC4F00804B04 /* StructureSection.swift */ = {isa = PBXFileReference; lastKnownFileType = sourcecode.swift; path = StructureSection.swift; sourceTree = "<group>"; };
		2C0645BC2C58BC7E00804B04 /* PromptGuageView.swift */ = {isa = PBXFileReference; lastKnownFileType = sourcecode.swift; path = PromptGuageView.swift; sourceTree = "<group>"; };
		2C29AC052C577DEA005E914A /* WritingCompleteView.swift */ = {isa = PBXFileReference; lastKnownFileType = sourcecode.swift; path = WritingCompleteView.swift; sourceTree = "<group>"; };
		4007DC6F2C53949D00EA528E /* YouTalkAwesome.app */ = {isa = PBXFileReference; explicitFileType = wrapper.application; includeInIndex = 0; path = YouTalkAwesome.app; sourceTree = BUILT_PRODUCTS_DIR; };
		4007DC722C53949D00EA528E /* YouTalkAwesomeApp.swift */ = {isa = PBXFileReference; lastKnownFileType = sourcecode.swift; path = YouTalkAwesomeApp.swift; sourceTree = "<group>"; };
		4007DC742C53949D00EA528E /* ContentView.swift */ = {isa = PBXFileReference; lastKnownFileType = sourcecode.swift; path = ContentView.swift; sourceTree = "<group>"; };
		4007DC762C53949D00EA528E /* Typealias.swift */ = {isa = PBXFileReference; lastKnownFileType = sourcecode.swift; path = Typealias.swift; sourceTree = "<group>"; };
		4007DC782C53949E00EA528E /* Assets.xcassets */ = {isa = PBXFileReference; lastKnownFileType = folder.assetcatalog; path = Assets.xcassets; sourceTree = "<group>"; };
		4007DC7B2C53949E00EA528E /* Preview Assets.xcassets */ = {isa = PBXFileReference; lastKnownFileType = folder.assetcatalog; path = "Preview Assets.xcassets"; sourceTree = "<group>"; };
		4007DC852C5396E600EA528E /* DataModel.swift */ = {isa = PBXFileReference; lastKnownFileType = sourcecode.swift; path = DataModel.swift; sourceTree = "<group>"; };
		4007DC882C53C9C600EA528E /* SwiftDataTestView.swift */ = {isa = PBXFileReference; lastKnownFileType = sourcecode.swift; path = SwiftDataTestView.swift; sourceTree = "<group>"; };
		40E96AF62C5632CB0099E603 /* TypeDefinition.swift */ = {isa = PBXFileReference; lastKnownFileType = sourcecode.swift; path = TypeDefinition.swift; sourceTree = "<group>"; };
		40E96B1B2C5778D20099E603 /* LSCardView.swift */ = {isa = PBXFileReference; lastKnownFileType = sourcecode.swift; path = LSCardView.swift; sourceTree = "<group>"; };
		40E96B1E2C57B2360099E603 /* InstructionTextView.swift */ = {isa = PBXFileReference; lastKnownFileType = sourcecode.swift; path = InstructionTextView.swift; sourceTree = "<group>"; };
		40E96B202C57BC9F0099E603 /* ExampleTitleView.swift */ = {isa = PBXFileReference; lastKnownFileType = sourcecode.swift; path = ExampleTitleView.swift; sourceTree = "<group>"; };
		40E96B232C57BF870099E603 /* LSStickerView.swift */ = {isa = PBXFileReference; lastKnownFileType = sourcecode.swift; path = LSStickerView.swift; sourceTree = "<group>"; };
		40E96B252C57C2370099E603 /* ExampleCardView.swift */ = {isa = PBXFileReference; lastKnownFileType = sourcecode.swift; path = ExampleCardView.swift; sourceTree = "<group>"; };
		40E96B272C57C6E80099E603 /* LSWideCardView.swift */ = {isa = PBXFileReference; lastKnownFileType = sourcecode.swift; path = LSWideCardView.swift; sourceTree = "<group>"; };
		EEEBF0BA2C58B65900B26DBF /* Extensions.swift */ = {isa = PBXFileReference; lastKnownFileType = sourcecode.swift; path = Extensions.swift; sourceTree = "<group>"; };
		EEEBF0BC2C58BCA500B26DBF /* StructureFlowView.swift */ = {isa = PBXFileReference; lastKnownFileType = sourcecode.swift; path = StructureFlowView.swift; sourceTree = "<group>"; };
		EEEBF0BE2C58BDCE00B26DBF /* StructureQuizView.swift */ = {isa = PBXFileReference; lastKnownFileType = sourcecode.swift; path = StructureQuizView.swift; sourceTree = "<group>"; };
		EEF2258C2C5758FA002EF8D1 /* SpeakingStructureView.swift */ = {isa = PBXFileReference; lastKnownFileType = sourcecode.swift; path = SpeakingStructureView.swift; sourceTree = "<group>"; };
		EEF2258E2C575924002EF8D1 /* ScriptWritingView.swift */ = {isa = PBXFileReference; lastKnownFileType = sourcecode.swift; path = ScriptWritingView.swift; sourceTree = "<group>"; };
		EEF225902C575940002EF8D1 /* ArchiveView.swift */ = {isa = PBXFileReference; lastKnownFileType = sourcecode.swift; path = ArchiveView.swift; sourceTree = "<group>"; };
/* End PBXFileReference section */

/* Begin PBXFrameworksBuildPhase section */
		4007DC6C2C53949D00EA528E /* Frameworks */ = {
			isa = PBXFrameworksBuildPhase;
			buildActionMask = 2147483647;
			files = (
			);
			runOnlyForDeploymentPostprocessing = 0;
		};
/* End PBXFrameworksBuildPhase section */

/* Begin PBXGroup section */
		2C0645BE2C58BCC700804B04 /* WritingComplete */ = {
			isa = PBXGroup;
			children = (
				2C0645B62C58BBFE00804B04 /* SpeechSpeedSelectionView.swift */,
				2C29AC052C577DEA005E914A /* WritingCompleteView.swift */,
			);
			path = WritingComplete;
			sourceTree = "<group>";
		};
		2C0645BF2C58BCF100804B04 /* ScriptPractice */ = {
			isa = PBXGroup;
			children = (
				2C0645B22C57F00B00804B04 /* ScriptPracticeView.swift */,
				2C0645BC2C58BC7E00804B04 /* PromptGuageView.swift */,
			);
			path = ScriptPractice;
			sourceTree = "<group>";
		};
		2C29AC042C57608A005E914A /* ScriptWriting */ = {
			isa = PBXGroup;
			children = (
				2C0645BF2C58BCF100804B04 /* ScriptPractice */,
				2C0645BE2C58BCC700804B04 /* WritingComplete */,
				2C0645B82C58BC2000804B04 /* StructureSectionView.swift */,
			);
			path = ScriptWriting;
			sourceTree = "<group>";
		};
		4007DC662C53949D00EA528E = {
			isa = PBXGroup;
			children = (
				4007DC712C53949D00EA528E /* YouTalkAwesome */,
				4007DC702C53949D00EA528E /* Products */,
			);
			sourceTree = "<group>";
		};
		4007DC702C53949D00EA528E /* Products */ = {
			isa = PBXGroup;
			children = (
				4007DC6F2C53949D00EA528E /* YouTalkAwesome.app */,
			);
			name = Products;
			sourceTree = "<group>";
		};
		4007DC712C53949D00EA528E /* YouTalkAwesome */ = {
			isa = PBXGroup;
			children = (
				4007DC722C53949D00EA528E /* YouTalkAwesomeApp.swift */,
				4007DC8A2C54789A00EA528E /* Helper */,
				4007DC822C5396C700EA528E /* View */,
				4007DC842C5396D400EA528E /* Model */,
				4007DC782C53949E00EA528E /* Assets.xcassets */,
				4007DC7A2C53949E00EA528E /* Preview Content */,
			);
			path = YouTalkAwesome;
			sourceTree = "<group>";
		};
		4007DC7A2C53949E00EA528E /* Preview Content */ = {
			isa = PBXGroup;
			children = (
				4007DC7B2C53949E00EA528E /* Preview Assets.xcassets */,
			);
			path = "Preview Content";
			sourceTree = "<group>";
		};
		4007DC822C5396C700EA528E /* View */ = {
			isa = PBXGroup;
			children = (
				2C29AC042C57608A005E914A /* ScriptWriting */,
				4007DC742C53949D00EA528E /* ContentView.swift */,
				40E96B222C57BF6D0099E603 /* Sticker */,
				40E96B1D2C57B1D10099E603 /* SpeackingStructure */,
				40E96B1A2C5778740099E603 /* Card */,
				EEF2258E2C575924002EF8D1 /* ScriptWritingView.swift */,
				EEF225902C575940002EF8D1 /* ArchiveView.swift */,
			);
			path = View;
			sourceTree = "<group>";
		};
		4007DC842C5396D400EA528E /* Model */ = {
			isa = PBXGroup;
			children = (
				4007DC872C53C9B300EA528E /* TestView */,
				4007DC852C5396E600EA528E /* DataModel.swift */,
				40E96AF62C5632CB0099E603 /* TypeDefinition.swift */,
				2C0645BA2C58BC4F00804B04 /* StructureSection.swift */,
			);
			path = Model;
			sourceTree = "<group>";
		};
		4007DC872C53C9B300EA528E /* TestView */ = {
			isa = PBXGroup;
			children = (
				4007DC882C53C9C600EA528E /* SwiftDataTestView.swift */,
			);
			path = TestView;
			sourceTree = "<group>";
		};
		4007DC8A2C54789A00EA528E /* Helper */ = {
			isa = PBXGroup;
			children = (
				4007DC762C53949D00EA528E /* Typealias.swift */,
				2C0645B42C58BB7000804B04 /* Date + Extension.swift */,
				EEEBF0BA2C58B65900B26DBF /* Extensions.swift */,
			);
			path = Helper;
			sourceTree = "<group>";
		};
		40E96B1A2C5778740099E603 /* Card */ = {
			isa = PBXGroup;
			children = (
				40E96B1B2C5778D20099E603 /* LSCardView.swift */,
				40E96B272C57C6E80099E603 /* LSWideCardView.swift */,
				40E96B252C57C2370099E603 /* ExampleCardView.swift */,
			);
			path = Card;
			sourceTree = "<group>";
		};
		40E96B1D2C57B1D10099E603 /* SpeackingStructure */ = {
			isa = PBXGroup;
			children = (
				EEF2258C2C5758FA002EF8D1 /* SpeakingStructureView.swift */,
				EEEBF0BE2C58BDCE00B26DBF /* StructureQuizView.swift */,
				EEEBF0BC2C58BCA500B26DBF /* StructureFlowView.swift */,
				40E96B1E2C57B2360099E603 /* InstructionTextView.swift */,
				40E96B202C57BC9F0099E603 /* ExampleTitleView.swift */,
			);
			path = SpeackingStructure;
			sourceTree = "<group>";
		};
		40E96B222C57BF6D0099E603 /* Sticker */ = {
			isa = PBXGroup;
			children = (
				40E96B232C57BF870099E603 /* LSStickerView.swift */,
			);
			path = Sticker;
			sourceTree = "<group>";
		};
/* End PBXGroup section */

/* Begin PBXNativeTarget section */
		4007DC6E2C53949D00EA528E /* YouTalkAwesome */ = {
			isa = PBXNativeTarget;
			buildConfigurationList = 4007DC7F2C53949E00EA528E /* Build configuration list for PBXNativeTarget "YouTalkAwesome" */;
			buildPhases = (
				4007DC6B2C53949D00EA528E /* Sources */,
				4007DC6C2C53949D00EA528E /* Frameworks */,
				4007DC6D2C53949D00EA528E /* Resources */,
			);
			buildRules = (
			);
			dependencies = (
			);
			name = YouTalkAwesome;
			productName = YouTalkAwesome;
			productReference = 4007DC6F2C53949D00EA528E /* YouTalkAwesome.app */;
			productType = "com.apple.product-type.application";
		};
/* End PBXNativeTarget section */

/* Begin PBXProject section */
		4007DC672C53949D00EA528E /* Project object */ = {
			isa = PBXProject;
			attributes = {
				BuildIndependentTargetsInParallel = 1;
				LastSwiftUpdateCheck = 1520;
				LastUpgradeCheck = 1520;
				TargetAttributes = {
					4007DC6E2C53949D00EA528E = {
						CreatedOnToolsVersion = 15.2;
					};
				};
			};
			buildConfigurationList = 4007DC6A2C53949D00EA528E /* Build configuration list for PBXProject "YouTalkAwesome" */;
			compatibilityVersion = "Xcode 14.0";
			developmentRegion = en;
			hasScannedForEncodings = 0;
			knownRegions = (
				en,
				Base,
			);
			mainGroup = 4007DC662C53949D00EA528E;
			productRefGroup = 4007DC702C53949D00EA528E /* Products */;
			projectDirPath = "";
			projectRoot = "";
			targets = (
				4007DC6E2C53949D00EA528E /* YouTalkAwesome */,
			);
		};
/* End PBXProject section */

/* Begin PBXResourcesBuildPhase section */
		4007DC6D2C53949D00EA528E /* Resources */ = {
			isa = PBXResourcesBuildPhase;
			buildActionMask = 2147483647;
			files = (
				4007DC7C2C53949E00EA528E /* Preview Assets.xcassets in Resources */,
				4007DC792C53949E00EA528E /* Assets.xcassets in Resources */,
			);
			runOnlyForDeploymentPostprocessing = 0;
		};
/* End PBXResourcesBuildPhase section */

/* Begin PBXSourcesBuildPhase section */
		4007DC6B2C53949D00EA528E /* Sources */ = {
			isa = PBXSourcesBuildPhase;
			buildActionMask = 2147483647;
			files = (
				2C0645BB2C58BC4F00804B04 /* StructureSection.swift in Sources */,
				4007DC752C53949D00EA528E /* ContentView.swift in Sources */,
				40E96AF72C5632CB0099E603 /* TypeDefinition.swift in Sources */,
				4007DC892C53C9C600EA528E /* SwiftDataTestView.swift in Sources */,
				40E96B1C2C5778D20099E603 /* LSCardView.swift in Sources */,
				4007DC862C5396E600EA528E /* DataModel.swift in Sources */,
				4007DC772C53949D00EA528E /* Typealias.swift in Sources */,
				2C0645BD2C58BC7E00804B04 /* PromptGuageView.swift in Sources */,
				2C0645B32C57F00B00804B04 /* ScriptPracticeView.swift in Sources */,
				2C0645B92C58BC2000804B04 /* StructureSectionView.swift in Sources */,
				EEF2258D2C5758FA002EF8D1 /* LogicalStructureView.swift in Sources */,
				EEEBF0BD2C58BCA500B26DBF /* StructureFlowView.swift in Sources */,
				40E96B1F2C57B2360099E603 /* InstructionTextView.swift in Sources */,
				EEF2258D2C5758FA002EF8D1 /* SpeakingStructureView.swift in Sources */,
				40E96B282C57C6E80099E603 /* LSWideCardView.swift in Sources */,
				EEF2258F2C575924002EF8D1 /* ScriptWritingView.swift in Sources */,
				2C0645B72C58BBFE00804B04 /* SpeechSpeedSelectionView.swift in Sources */,
				2C29AC062C577DEA005E914A /* WritingCompleteView.swift in Sources */,
				EEF225912C575940002EF8D1 /* ArchiveView.swift in Sources */,
				EEEBF0BB2C58B65900B26DBF /* Extensions.swift in Sources */,
				40E96B212C57BC9F0099E603 /* ExampleTitleView.swift in Sources */,
				4007DC732C53949D00EA528E /* YouTalkAwesomeApp.swift in Sources */,
				2C0645B52C58BB7000804B04 /* Date + Extension.swift in Sources */,
				EEEBF0BF2C58BDCE00B26DBF /* StructureQuizView.swift in Sources */,
				40E96B242C57BF870099E603 /* LSStickerView.swift in Sources */,
				40E96B262C57C2370099E603 /* ExampleCardView.swift in Sources */,
			);
			runOnlyForDeploymentPostprocessing = 0;
		};
/* End PBXSourcesBuildPhase section */

/* Begin XCBuildConfiguration section */
		4007DC7D2C53949E00EA528E /* Debug */ = {
			isa = XCBuildConfiguration;
			buildSettings = {
				ALWAYS_SEARCH_USER_PATHS = NO;
				ASSETCATALOG_COMPILER_GENERATE_SWIFT_ASSET_SYMBOL_EXTENSIONS = YES;
				CLANG_ANALYZER_NONNULL = YES;
				CLANG_ANALYZER_NUMBER_OBJECT_CONVERSION = YES_AGGRESSIVE;
				CLANG_CXX_LANGUAGE_STANDARD = "gnu++20";
				CLANG_ENABLE_MODULES = YES;
				CLANG_ENABLE_OBJC_ARC = YES;
				CLANG_ENABLE_OBJC_WEAK = YES;
				CLANG_WARN_BLOCK_CAPTURE_AUTORELEASING = YES;
				CLANG_WARN_BOOL_CONVERSION = YES;
				CLANG_WARN_COMMA = YES;
				CLANG_WARN_CONSTANT_CONVERSION = YES;
				CLANG_WARN_DEPRECATED_OBJC_IMPLEMENTATIONS = YES;
				CLANG_WARN_DIRECT_OBJC_ISA_USAGE = YES_ERROR;
				CLANG_WARN_DOCUMENTATION_COMMENTS = YES;
				CLANG_WARN_EMPTY_BODY = YES;
				CLANG_WARN_ENUM_CONVERSION = YES;
				CLANG_WARN_INFINITE_RECURSION = YES;
				CLANG_WARN_INT_CONVERSION = YES;
				CLANG_WARN_NON_LITERAL_NULL_CONVERSION = YES;
				CLANG_WARN_OBJC_IMPLICIT_RETAIN_SELF = YES;
				CLANG_WARN_OBJC_LITERAL_CONVERSION = YES;
				CLANG_WARN_OBJC_ROOT_CLASS = YES_ERROR;
				CLANG_WARN_QUOTED_INCLUDE_IN_FRAMEWORK_HEADER = YES;
				CLANG_WARN_RANGE_LOOP_ANALYSIS = YES;
				CLANG_WARN_STRICT_PROTOTYPES = YES;
				CLANG_WARN_SUSPICIOUS_MOVE = YES;
				CLANG_WARN_UNGUARDED_AVAILABILITY = YES_AGGRESSIVE;
				CLANG_WARN_UNREACHABLE_CODE = YES;
				CLANG_WARN__DUPLICATE_METHOD_MATCH = YES;
				COPY_PHASE_STRIP = NO;
				DEBUG_INFORMATION_FORMAT = dwarf;
				ENABLE_STRICT_OBJC_MSGSEND = YES;
				ENABLE_TESTABILITY = YES;
				ENABLE_USER_SCRIPT_SANDBOXING = YES;
				GCC_C_LANGUAGE_STANDARD = gnu17;
				GCC_DYNAMIC_NO_PIC = NO;
				GCC_NO_COMMON_BLOCKS = YES;
				GCC_OPTIMIZATION_LEVEL = 0;
				GCC_PREPROCESSOR_DEFINITIONS = (
					"DEBUG=1",
					"$(inherited)",
				);
				GCC_WARN_64_TO_32_BIT_CONVERSION = YES;
				GCC_WARN_ABOUT_RETURN_TYPE = YES_ERROR;
				GCC_WARN_UNDECLARED_SELECTOR = YES;
				GCC_WARN_UNINITIALIZED_AUTOS = YES_AGGRESSIVE;
				GCC_WARN_UNUSED_FUNCTION = YES;
				GCC_WARN_UNUSED_VARIABLE = YES;
				IPHONEOS_DEPLOYMENT_TARGET = 17.2;
				LOCALIZATION_PREFERS_STRING_CATALOGS = YES;
				MTL_ENABLE_DEBUG_INFO = INCLUDE_SOURCE;
				MTL_FAST_MATH = YES;
				ONLY_ACTIVE_ARCH = YES;
				SDKROOT = iphoneos;
				SWIFT_ACTIVE_COMPILATION_CONDITIONS = "DEBUG $(inherited)";
				SWIFT_OPTIMIZATION_LEVEL = "-Onone";
			};
			name = Debug;
		};
		4007DC7E2C53949E00EA528E /* Release */ = {
			isa = XCBuildConfiguration;
			buildSettings = {
				ALWAYS_SEARCH_USER_PATHS = NO;
				ASSETCATALOG_COMPILER_GENERATE_SWIFT_ASSET_SYMBOL_EXTENSIONS = YES;
				CLANG_ANALYZER_NONNULL = YES;
				CLANG_ANALYZER_NUMBER_OBJECT_CONVERSION = YES_AGGRESSIVE;
				CLANG_CXX_LANGUAGE_STANDARD = "gnu++20";
				CLANG_ENABLE_MODULES = YES;
				CLANG_ENABLE_OBJC_ARC = YES;
				CLANG_ENABLE_OBJC_WEAK = YES;
				CLANG_WARN_BLOCK_CAPTURE_AUTORELEASING = YES;
				CLANG_WARN_BOOL_CONVERSION = YES;
				CLANG_WARN_COMMA = YES;
				CLANG_WARN_CONSTANT_CONVERSION = YES;
				CLANG_WARN_DEPRECATED_OBJC_IMPLEMENTATIONS = YES;
				CLANG_WARN_DIRECT_OBJC_ISA_USAGE = YES_ERROR;
				CLANG_WARN_DOCUMENTATION_COMMENTS = YES;
				CLANG_WARN_EMPTY_BODY = YES;
				CLANG_WARN_ENUM_CONVERSION = YES;
				CLANG_WARN_INFINITE_RECURSION = YES;
				CLANG_WARN_INT_CONVERSION = YES;
				CLANG_WARN_NON_LITERAL_NULL_CONVERSION = YES;
				CLANG_WARN_OBJC_IMPLICIT_RETAIN_SELF = YES;
				CLANG_WARN_OBJC_LITERAL_CONVERSION = YES;
				CLANG_WARN_OBJC_ROOT_CLASS = YES_ERROR;
				CLANG_WARN_QUOTED_INCLUDE_IN_FRAMEWORK_HEADER = YES;
				CLANG_WARN_RANGE_LOOP_ANALYSIS = YES;
				CLANG_WARN_STRICT_PROTOTYPES = YES;
				CLANG_WARN_SUSPICIOUS_MOVE = YES;
				CLANG_WARN_UNGUARDED_AVAILABILITY = YES_AGGRESSIVE;
				CLANG_WARN_UNREACHABLE_CODE = YES;
				CLANG_WARN__DUPLICATE_METHOD_MATCH = YES;
				COPY_PHASE_STRIP = NO;
				DEBUG_INFORMATION_FORMAT = "dwarf-with-dsym";
				ENABLE_NS_ASSERTIONS = NO;
				ENABLE_STRICT_OBJC_MSGSEND = YES;
				ENABLE_USER_SCRIPT_SANDBOXING = YES;
				GCC_C_LANGUAGE_STANDARD = gnu17;
				GCC_NO_COMMON_BLOCKS = YES;
				GCC_WARN_64_TO_32_BIT_CONVERSION = YES;
				GCC_WARN_ABOUT_RETURN_TYPE = YES_ERROR;
				GCC_WARN_UNDECLARED_SELECTOR = YES;
				GCC_WARN_UNINITIALIZED_AUTOS = YES_AGGRESSIVE;
				GCC_WARN_UNUSED_FUNCTION = YES;
				GCC_WARN_UNUSED_VARIABLE = YES;
				IPHONEOS_DEPLOYMENT_TARGET = 17.2;
				LOCALIZATION_PREFERS_STRING_CATALOGS = YES;
				MTL_ENABLE_DEBUG_INFO = NO;
				MTL_FAST_MATH = YES;
				SDKROOT = iphoneos;
				SWIFT_COMPILATION_MODE = wholemodule;
				VALIDATE_PRODUCT = YES;
			};
			name = Release;
		};
		4007DC802C53949E00EA528E /* Debug */ = {
			isa = XCBuildConfiguration;
			buildSettings = {
				ASSETCATALOG_COMPILER_APPICON_NAME = AppIcon;
				ASSETCATALOG_COMPILER_GLOBAL_ACCENT_COLOR_NAME = AccentColor;
				CODE_SIGN_STYLE = Automatic;
				CURRENT_PROJECT_VERSION = 1;
				DEVELOPMENT_ASSET_PATHS = "\"YouTalkAwesome/Preview Content\"";
				ENABLE_PREVIEWS = YES;
				GENERATE_INFOPLIST_FILE = YES;
				INFOPLIST_KEY_UIApplicationSceneManifest_Generation = YES;
				INFOPLIST_KEY_UIApplicationSupportsIndirectInputEvents = YES;
				INFOPLIST_KEY_UILaunchScreen_Generation = YES;
				INFOPLIST_KEY_UISupportedInterfaceOrientations_iPad = "UIInterfaceOrientationPortrait UIInterfaceOrientationPortraitUpsideDown UIInterfaceOrientationLandscapeLeft UIInterfaceOrientationLandscapeRight";
				INFOPLIST_KEY_UISupportedInterfaceOrientations_iPhone = "UIInterfaceOrientationPortrait UIInterfaceOrientationLandscapeLeft UIInterfaceOrientationLandscapeRight";
				LD_RUNPATH_SEARCH_PATHS = (
					"$(inherited)",
					"@executable_path/Frameworks",
				);
				MARKETING_VERSION = 1.0;
				PRODUCT_BUNDLE_IDENTIFIER = com.rainbowricecake.YouTalkAwesome;
				PRODUCT_NAME = "$(TARGET_NAME)";
				SWIFT_EMIT_LOC_STRINGS = YES;
				SWIFT_VERSION = 5.0;
				TARGETED_DEVICE_FAMILY = "1,2";
			};
			name = Debug;
		};
		4007DC812C53949E00EA528E /* Release */ = {
			isa = XCBuildConfiguration;
			buildSettings = {
				ASSETCATALOG_COMPILER_APPICON_NAME = AppIcon;
				ASSETCATALOG_COMPILER_GLOBAL_ACCENT_COLOR_NAME = AccentColor;
				CODE_SIGN_STYLE = Automatic;
				CURRENT_PROJECT_VERSION = 1;
				DEVELOPMENT_ASSET_PATHS = "\"YouTalkAwesome/Preview Content\"";
				ENABLE_PREVIEWS = YES;
				GENERATE_INFOPLIST_FILE = YES;
				INFOPLIST_KEY_UIApplicationSceneManifest_Generation = YES;
				INFOPLIST_KEY_UIApplicationSupportsIndirectInputEvents = YES;
				INFOPLIST_KEY_UILaunchScreen_Generation = YES;
				INFOPLIST_KEY_UISupportedInterfaceOrientations_iPad = "UIInterfaceOrientationPortrait UIInterfaceOrientationPortraitUpsideDown UIInterfaceOrientationLandscapeLeft UIInterfaceOrientationLandscapeRight";
				INFOPLIST_KEY_UISupportedInterfaceOrientations_iPhone = "UIInterfaceOrientationPortrait UIInterfaceOrientationLandscapeLeft UIInterfaceOrientationLandscapeRight";
				LD_RUNPATH_SEARCH_PATHS = (
					"$(inherited)",
					"@executable_path/Frameworks",
				);
				MARKETING_VERSION = 1.0;
				PRODUCT_BUNDLE_IDENTIFIER = com.rainbowricecake.YouTalkAwesome;
				PRODUCT_NAME = "$(TARGET_NAME)";
				SWIFT_EMIT_LOC_STRINGS = YES;
				SWIFT_VERSION = 5.0;
				TARGETED_DEVICE_FAMILY = "1,2";
			};
			name = Release;
		};
/* End XCBuildConfiguration section */

/* Begin XCConfigurationList section */
		4007DC6A2C53949D00EA528E /* Build configuration list for PBXProject "YouTalkAwesome" */ = {
			isa = XCConfigurationList;
			buildConfigurations = (
				4007DC7D2C53949E00EA528E /* Debug */,
				4007DC7E2C53949E00EA528E /* Release */,
			);
			defaultConfigurationIsVisible = 0;
			defaultConfigurationName = Release;
		};
		4007DC7F2C53949E00EA528E /* Build configuration list for PBXNativeTarget "YouTalkAwesome" */ = {
			isa = XCConfigurationList;
			buildConfigurations = (
				4007DC802C53949E00EA528E /* Debug */,
				4007DC812C53949E00EA528E /* Release */,
			);
			defaultConfigurationIsVisible = 0;
			defaultConfigurationName = Release;
		};
/* End XCConfigurationList section */
	};
	rootObject = 4007DC672C53949D00EA528E /* Project object */;
}
